
Microsoft Visual Studio Solution File, Format Version 12.00
# Visual Studio 15
VisualStudioVersion = 15.0.28010.2041
MinimumVisualStudioVersion = 10.0.40219.1
Project("{FAE04EC0-301F-11D3-BF4B-00C04F79EFBC}") = "DemoLogin.Android", "DemoLogin\DemoLogin.Android\DemoLogin.Android.csproj", "{A7E1B04D-1D8B-4E5F-8A89-65324DB2CCD6}"
EndProject
Project("{FAE04EC0-301F-11D3-BF4B-00C04F79EFBC}") = "DemoLogin.iOS", "DemoLogin\DemoLogin.iOS\DemoLogin.iOS.csproj", "{75E716A1-2C73-4D5A-8504-1863322735DF}"
EndProject
Project("{FAE04EC0-301F-11D3-BF4B-00C04F79EFBC}") = "DemoLogin", "DemoLogin\DemoLogin\DemoLogin.csproj", "{9E48DEFC-9EEC-4468-97E8-2F915619435A}"
EndProject
Global
	GlobalSection(SolutionConfigurationPlatforms) = preSolution
		Ad-Hoc|Any CPU = Ad-Hoc|Any CPU
		Ad-Hoc|iPhone = Ad-Hoc|iPhone
		Ad-Hoc|iPhoneSimulator = Ad-Hoc|iPhoneSimulator
		AppStore|Any CPU = AppStore|Any CPU
		AppStore|iPhone = AppStore|iPhone
		AppStore|iPhoneSimulator = AppStore|iPhoneSimulator
		Debug|Any CPU = Debug|Any CPU
		Debug|iPhone = Debug|iPhone
		Debug|iPhoneSimulator = Debug|iPhoneSimulator
		Release|Any CPU = Release|Any CPU
		Release|iPhone = Release|iPhone
		Release|iPhoneSimulator = Release|iPhoneSimulator
	EndGlobalSection
	GlobalSection(ProjectConfigurationPlatforms) = postSolution
		{A7E1B04D-1D8B-4E5F-8A89-65324DB2CCD6}.Ad-Hoc|Any CPU.ActiveCfg = Release|Any CPU
		{A7E1B04D-1D8B-4E5F-8A89-65324DB2CCD6}.Ad-Hoc|Any CPU.Build.0 = Release|Any CPU
		{A7E1B04D-1D8B-4E5F-8A89-65324DB2CCD6}.Ad-Hoc|Any CPU.Deploy.0 = Release|Any CPU
		{A7E1B04D-1D8B-4E5F-8A89-65324DB2CCD6}.Ad-Hoc|iPhone.ActiveCfg = Release|Any CPU
		{A7E1B04D-1D8B-4E5F-8A89-65324DB2CCD6}.Ad-Hoc|iPhone.Build.0 = Release|Any CPU
		{A7E1B04D-1D8B-4E5F-8A89-65324DB2CCD6}.Ad-Hoc|iPhone.Deploy.0 = Release|Any CPU
		{A7E1B04D-1D8B-4E5F-8A89-65324DB2CCD6}.Ad-Hoc|iPhoneSimulator.ActiveCfg = Release|Any CPU
		{A7E1B04D-1D8B-4E5F-8A89-65324DB2CCD6}.Ad-Hoc|iPhoneSimulator.Build.0 = Release|Any CPU
		{A7E1B04D-1D8B-4E5F-8A89-65324DB2CCD6}.Ad-Hoc|iPhoneSimulator.Deploy.0 = Release|Any CPU
		{A7E1B04D-1D8B-4E5F-8A89-65324DB2CCD6}.AppStore|Any CPU.ActiveCfg = Release|Any CPU
		{A7E1B04D-1D8B-4E5F-8A89-65324DB2CCD6}.AppStore|Any CPU.Build.0 = Release|Any CPU
		{A7E1B04D-1D8B-4E5F-8A89-65324DB2CCD6}.AppStore|Any CPU.Deploy.0 = Release|Any CPU
		{A7E1B04D-1D8B-4E5F-8A89-65324DB2CCD6}.AppStore|iPhone.ActiveCfg = Release|Any CPU
		{A7E1B04D-1D8B-4E5F-8A89-65324DB2CCD6}.AppStore|iPhone.Build.0 = Release|Any CPU
		{A7E1B04D-1D8B-4E5F-8A89-65324DB2CCD6}.AppStore|iPhone.Deploy.0 = Release|Any CPU
		{A7E1B04D-1D8B-4E5F-8A89-65324DB2CCD6}.AppStore|iPhoneSimulator.ActiveCfg = Release|Any CPU
		{A7E1B04D-1D8B-4E5F-8A89-65324DB2CCD6}.AppStore|iPhoneSimulator.Build.0 = Release|Any CPU
		{A7E1B04D-1D8B-4E5F-8A89-65324DB2CCD6}.AppStore|iPhoneSimulator.Deploy.0 = Release|Any CPU
		{A7E1B04D-1D8B-4E5F-8A89-65324DB2CCD6}.Debug|Any CPU.ActiveCfg = Debug|Any CPU
		{A7E1B04D-1D8B-4E5F-8A89-65324DB2CCD6}.Debug|Any CPU.Build.0 = Debug|Any CPU
		{A7E1B04D-1D8B-4E5F-8A89-65324DB2CCD6}.Debug|Any CPU.Deploy.0 = Debug|Any CPU
		{A7E1B04D-1D8B-4E5F-8A89-65324DB2CCD6}.Debug|iPhone.ActiveCfg = Debug|Any CPU
		{A7E1B04D-1D8B-4E5F-8A89-65324DB2CCD6}.Debug|iPhone.Build.0 = Debug|Any CPU
		{A7E1B04D-1D8B-4E5F-8A89-65324DB2CCD6}.Debug|iPhone.Deploy.0 = Debug|Any CPU
		{A7E1B04D-1D8B-4E5F-8A89-65324DB2CCD6}.Debug|iPhoneSimulator.ActiveCfg = Debug|Any CPU
		{A7E1B04D-1D8B-4E5F-8A89-65324DB2CCD6}.Debug|iPhoneSimulator.Build.0 = Debug|Any CPU
		{A7E1B04D-1D8B-4E5F-8A89-65324DB2CCD6}.Debug|iPhoneSimulator.Deploy.0 = Debug|Any CPU
		{A7E1B04D-1D8B-4E5F-8A89-65324DB2CCD6}.Release|Any CPU.ActiveCfg = Release|Any CPU
		{A7E1B04D-1D8B-4E5F-8A89-65324DB2CCD6}.Release|Any CPU.Build.0 = Release|Any CPU
		{A7E1B04D-1D8B-4E5F-8A89-65324DB2CCD6}.Release|Any CPU.Deploy.0 = Release|Any CPU
		{A7E1B04D-1D8B-4E5F-8A89-65324DB2CCD6}.Release|iPhone.ActiveCfg = Release|Any CPU
		{A7E1B04D-1D8B-4E5F-8A89-65324DB2CCD6}.Release|iPhone.Build.0 = Release|Any CPU
		{A7E1B04D-1D8B-4E5F-8A89-65324DB2CCD6}.Release|iPhone.Deploy.0 = Release|Any CPU
		{A7E1B04D-1D8B-4E5F-8A89-65324DB2CCD6}.Release|iPhoneSimulator.ActiveCfg = Release|Any CPU
		{A7E1B04D-1D8B-4E5F-8A89-65324DB2CCD6}.Release|iPhoneSimulator.Build.0 = Release|Any CPU
		{A7E1B04D-1D8B-4E5F-8A89-65324DB2CCD6}.Release|iPhoneSimulator.Deploy.0 = Release|Any CPU
		{75E716A1-2C73-4D5A-8504-1863322735DF}.Ad-Hoc|Any CPU.ActiveCfg = Ad-Hoc|iPhone
		{75E716A1-2C73-4D5A-8504-1863322735DF}.Ad-Hoc|Any CPU.Build.0 = Ad-Hoc|iPhone
		{75E716A1-2C73-4D5A-8504-1863322735DF}.Ad-Hoc|Any CPU.Deploy.0 = Ad-Hoc|iPhone
		{75E716A1-2C73-4D5A-8504-1863322735DF}.Ad-Hoc|iPhone.ActiveCfg = Ad-Hoc|iPhone
		{75E716A1-2C73-4D5A-8504-1863322735DF}.Ad-Hoc|iPhone.Build.0 = Ad-Hoc|iPhone
		{75E716A1-2C73-4D5A-8504-1863322735DF}.Ad-Hoc|iPhone.Deploy.0 = Ad-Hoc|iPhone
		{75E716A1-2C73-4D5A-8504-1863322735DF}.Ad-Hoc|iPhoneSimulator.ActiveCfg = Ad-Hoc|iPhoneSimulator
		{75E716A1-2C73-4D5A-8504-1863322735DF}.Ad-Hoc|iPhoneSimulator.Build.0 = Ad-Hoc|iPhoneSimulator
		{75E716A1-2C73-4D5A-8504-1863322735DF}.Ad-Hoc|iPhoneSimulator.Deploy.0 = Ad-Hoc|iPhoneSimulator
		{75E716A1-2C73-4D5A-8504-1863322735DF}.AppStore|Any CPU.ActiveCfg = AppStore|iPhone
		{75E716A1-2C73-4D5A-8504-1863322735DF}.AppStore|Any CPU.Build.0 = AppStore|iPhone
		{75E716A1-2C73-4D5A-8504-1863322735DF}.AppStore|Any CPU.Deploy.0 = AppStore|iPhone
		{75E716A1-2C73-4D5A-8504-1863322735DF}.AppStore|iPhone.ActiveCfg = AppStore|iPhone
		{75E716A1-2C73-4D5A-8504-1863322735DF}.AppStore|iPhone.Build.0 = AppStore|iPhone
		{75E716A1-2C73-4D5A-8504-1863322735DF}.AppStore|iPhone.Deploy.0 = AppStore|iPhone
		{75E716A1-2C73-4D5A-8504-1863322735DF}.AppStore|iPhoneSimulator.ActiveCfg = AppStore|iPhoneSimulator
		{75E716A1-2C73-4D5A-8504-1863322735DF}.AppStore|iPhoneSimulator.Build.0 = AppStore|iPhoneSimulator
		{75E716A1-2C73-4D5A-8504-1863322735DF}.AppStore|iPhoneSimulator.Deploy.0 = AppStore|iPhoneSimulator
		{75E716A1-2C73-4D5A-8504-1863322735DF}.Debug|Any CPU.ActiveCfg = Debug|iPhoneSimulator
		{75E716A1-2C73-4D5A-8504-1863322735DF}.Debug|Any CPU.Build.0 = Debug|iPhoneSimulator
		{75E716A1-2C73-4D5A-8504-1863322735DF}.Debug|Any CPU.Deploy.0 = Debug|iPhoneSimulator
		{75E716A1-2C73-4D5A-8504-1863322735DF}.Debug|iPhone.ActiveCfg = Debug|iPhone
		{75E716A1-2C73-4D5A-8504-1863322735DF}.Debug|iPhone.Build.0 = Debug|iPhone
		{75E716A1-2C73-4D5A-8504-1863322735DF}.Debug|iPhone.Deploy.0 = Debug|iPhone
		{75E716A1-2C73-4D5A-8504-1863322735DF}.Debug|iPhoneSimulator.ActiveCfg = Debug|iPhoneSimulator
		{75E716A1-2C73-4D5A-8504-1863322735DF}.Debug|iPhoneSimulator.Build.0 = Debug|iPhoneSimulator
		{75E716A1-2C73-4D5A-8504-1863322735DF}.Debug|iPhoneSimulator.Deploy.0 = Debug|iPhoneSimulator
		{75E716A1-2C73-4D5A-8504-1863322735DF}.Release|Any CPU.ActiveCfg = Release|iPhone
		{75E716A1-2C73-4D5A-8504-1863322735DF}.Release|Any CPU.Build.0 = Release|iPhone
		{75E716A1-2C73-4D5A-8504-1863322735DF}.Release|Any CPU.Deploy.0 = Release|iPhone
		{75E716A1-2C73-4D5A-8504-1863322735DF}.Release|iPhone.ActiveCfg = Release|iPhone
		{75E716A1-2C73-4D5A-8504-1863322735DF}.Release|iPhone.Build.0 = Release|iPhone
		{75E716A1-2C73-4D5A-8504-1863322735DF}.Release|iPhone.Deploy.0 = Release|iPhone
		{75E716A1-2C73-4D5A-8504-1863322735DF}.Release|iPhoneSimulator.ActiveCfg = Release|iPhoneSimulator
		{75E716A1-2C73-4D5A-8504-1863322735DF}.Release|iPhoneSimulator.Build.0 = Release|iPhoneSimulator
		{75E716A1-2C73-4D5A-8504-1863322735DF}.Release|iPhoneSimulator.Deploy.0 = Release|iPhoneSimulator
		{9E48DEFC-9EEC-4468-97E8-2F915619435A}.Ad-Hoc|Any CPU.ActiveCfg = Debug|Any CPU
		{9E48DEFC-9EEC-4468-97E8-2F915619435A}.Ad-Hoc|Any CPU.Build.0 = Debug|Any CPU
		{9E48DEFC-9EEC-4468-97E8-2F915619435A}.Ad-Hoc|Any CPU.Deploy.0 = Debug|Any CPU
		{9E48DEFC-9EEC-4468-97E8-2F915619435A}.Ad-Hoc|iPhone.ActiveCfg = Debug|Any CPU
		{9E48DEFC-9EEC-4468-97E8-2F915619435A}.Ad-Hoc|iPhone.Build.0 = Debug|Any CPU
		{9E48DEFC-9EEC-4468-97E8-2F915619435A}.Ad-Hoc|iPhone.Deploy.0 = Debug|Any CPU
		{9E48DEFC-9EEC-4468-97E8-2F915619435A}.Ad-Hoc|iPhoneSimulator.ActiveCfg = Debug|Any CPU
		{9E48DEFC-9EEC-4468-97E8-2F915619435A}.Ad-Hoc|iPhoneSimulator.Build.0 = Debug|Any CPU
		{9E48DEFC-9EEC-4468-97E8-2F915619435A}.Ad-Hoc|iPhoneSimulator.Deploy.0 = Debug|Any CPU
		{9E48DEFC-9EEC-4468-97E8-2F915619435A}.AppStore|Any CPU.ActiveCfg = Debug|Any CPU
		{9E48DEFC-9EEC-4468-97E8-2F915619435A}.AppStore|Any CPU.Build.0 = Debug|Any CPU
		{9E48DEFC-9EEC-4468-97E8-2F915619435A}.AppStore|Any CPU.Deploy.0 = Debug|Any CPU
		{9E48DEFC-9EEC-4468-97E8-2F915619435A}.AppStore|iPhone.ActiveCfg = Debug|Any CPU
		{9E48DEFC-9EEC-4468-97E8-2F915619435A}.AppStore|iPhone.Build.0 = Debug|Any CPU
		{9E48DEFC-9EEC-4468-97E8-2F915619435A}.AppStore|iPhone.Deploy.0 = Debug|Any CPU
		{9E48DEFC-9EEC-4468-97E8-2F915619435A}.AppStore|iPhoneSimulator.ActiveCfg = Debug|Any CPU
		{9E48DEFC-9EEC-4468-97E8-2F915619435A}.AppStore|iPhoneSimulator.Build.0 = Debug|Any CPU
		{9E48DEFC-9EEC-4468-97E8-2F915619435A}.AppStore|iPhoneSimulator.Deploy.0 = Debug|Any CPU
		{9E48DEFC-9EEC-4468-97E8-2F915619435A}.Debug|Any CPU.ActiveCfg = Debug|Any CPU
		{9E48DEFC-9EEC-4468-97E8-2F915619435A}.Debug|Any CPU.Build.0 = Debug|Any CPU
		{9E48DEFC-9EEC-4468-97E8-2F915619435A}.Debug|Any CPU.Deploy.0 = Debug|Any CPU
		{9E48DEFC-9EEC-4468-97E8-2F915619435A}.Debug|iPhone.ActiveCfg = Debug|Any CPU
		{9E48DEFC-9EEC-4468-97E8-2F915619435A}.Debug|iPhone.Build.0 = Debug|Any CPU
		{9E48DEFC-9EEC-4468-97E8-2F915619435A}.Debug|iPhone.Deploy.0 = Debug|Any CPU
		{9E48DEFC-9EEC-4468-97E8-2F915619435A}.Debug|iPhoneSimulator.ActiveCfg = Debug|Any CPU
		{9E48DEFC-9EEC-4468-97E8-2F915619435A}.Debug|iPhoneSimulator.Build.0 = Debug|Any CPU
		{9E48DEFC-9EEC-4468-97E8-2F915619435A}.Debug|iPhoneSimulator.Deploy.0 = Debug|Any CPU
		{9E48DEFC-9EEC-4468-97E8-2F915619435A}.Release|Any CPU.ActiveCfg = Release|Any CPU
		{9E48DEFC-9EEC-4468-97E8-2F915619435A}.Release|Any CPU.Build.0 = Release|Any CPU
		{9E48DEFC-9EEC-4468-97E8-2F915619435A}.Release|Any CPU.Deploy.0 = Release|Any CPU
		{9E48DEFC-9EEC-4468-97E8-2F915619435A}.Release|iPhone.ActiveCfg = Release|Any CPU
		{9E48DEFC-9EEC-4468-97E8-2F915619435A}.Release|iPhone.Build.0 = Release|Any CPU
		{9E48DEFC-9EEC-4468-97E8-2F915619435A}.Release|iPhone.Deploy.0 = Release|Any CPU
		{9E48DEFC-9EEC-4468-97E8-2F915619435A}.Release|iPhoneSimulator.ActiveCfg = Release|Any CPU
		{9E48DEFC-9EEC-4468-97E8-2F915619435A}.Release|iPhoneSimulator.Build.0 = Release|Any CPU
		{9E48DEFC-9EEC-4468-97E8-2F915619435A}.Release|iPhoneSimulator.Deploy.0 = Release|Any CPU
	EndGlobalSection
	GlobalSection(SolutionProperties) = preSolution
		HideSolutionNode = FALSE
	EndGlobalSection
	GlobalSection(ExtensibilityGlobals) = postSolution
		SolutionGuid = {489A85C7-A8C8-4A78-9AA4-45F9A54E4C70}
	EndGlobalSection
EndGlobal
